
Microsoft Visual Studio Solution File, Format Version 12.00
# Visual Studio Version 16
VisualStudioVersion = 16.0.29609.76
MinimumVisualStudioVersion = 10.0.40219.1
Project("{FAE04EC0-301F-11D3-BF4B-00C04F79EFBC}") = "Uygulama_15", "Uygulama_15\Uygulama_15.csproj", "{032D4190-6CC4-468C-8774-EF98461F0DE9}"
EndProject
Global
	GlobalSection(SolutionConfigurationPlatforms) = preSolution
		Debug|Any CPU = Debug|Any CPU
		Release|Any CPU = Release|Any CPU
	EndGlobalSection
	GlobalSection(ProjectConfigurationPlatforms) = postSolution
		{032D4190-6CC4-468C-8774-EF98461F0DE9}.Debug|Any CPU.ActiveCfg = Debug|Any CPU
		{032D4190-6CC4-468C-8774-EF98461F0DE9}.Debug|Any CPU.Build.0 = Debug|Any CPU
		{032D4190-6CC4-468C-8774-EF98461F0DE9}.Release|Any CPU.ActiveCfg = Release|Any CPU
		{032D4190-6CC4-468C-8774-EF98461F0DE9}.Release|Any CPU.Build.0 = Release|Any CPU
	EndGlobalSection
	GlobalSection(SolutionProperties) = preSolution
		HideSolutionNode = FALSE
	EndGlobalSection
	GlobalSection(ExtensibilityGlobals) = postSolution
		SolutionGuid = {CD2CE9D6-43BE-4C7F-8F13-A17098FC174F}
	EndGlobalSection
EndGlobal
