
Microsoft Visual Studio Solution File, Format Version 12.00
# Visual Studio Version 16
VisualStudioVersion = 16.0.29609.76
MinimumVisualStudioVersion = 10.0.40219.1
Project("{FAE04EC0-301F-11D3-BF4B-00C04F79EFBC}") = "Uygulama_10", "Uygulama_10\Uygulama_10.csproj", "{C3643155-341F-4B02-8EB3-B7D3AC1EE87B}"
EndProject
Global
	GlobalSection(SolutionConfigurationPlatforms) = preSolution
		Debug|Any CPU = Debug|Any CPU
		Release|Any CPU = Release|Any CPU
	EndGlobalSection
	GlobalSection(ProjectConfigurationPlatforms) = postSolution
		{C3643155-341F-4B02-8EB3-B7D3AC1EE87B}.Debug|Any CPU.ActiveCfg = Debug|Any CPU
		{C3643155-341F-4B02-8EB3-B7D3AC1EE87B}.Debug|Any CPU.Build.0 = Debug|Any CPU
		{C3643155-341F-4B02-8EB3-B7D3AC1EE87B}.Release|Any CPU.ActiveCfg = Release|Any CPU
		{C3643155-341F-4B02-8EB3-B7D3AC1EE87B}.Release|Any CPU.Build.0 = Release|Any CPU
	EndGlobalSection
	GlobalSection(SolutionProperties) = preSolution
		HideSolutionNode = FALSE
	EndGlobalSection
	GlobalSection(ExtensibilityGlobals) = postSolution
		SolutionGuid = {D6E32C56-BC91-402E-8CEF-CF2A0523FEEA}
	EndGlobalSection
EndGlobal
