
Microsoft Visual Studio Solution File, Format Version 12.00
# Visual Studio Version 16
VisualStudioVersion = 16.0.29609.76
MinimumVisualStudioVersion = 10.0.40219.1
Project("{FAE04EC0-301F-11D3-BF4B-00C04F79EFBC}") = "Uygulama_3", "Uygulama_3\Uygulama_3.csproj", "{550782A0-5604-449D-9A04-7956A4FFF787}"
EndProject
Global
	GlobalSection(SolutionConfigurationPlatforms) = preSolution
		Debug|Any CPU = Debug|Any CPU
		Release|Any CPU = Release|Any CPU
	EndGlobalSection
	GlobalSection(ProjectConfigurationPlatforms) = postSolution
		{550782A0-5604-449D-9A04-7956A4FFF787}.Debug|Any CPU.ActiveCfg = Debug|Any CPU
		{550782A0-5604-449D-9A04-7956A4FFF787}.Debug|Any CPU.Build.0 = Debug|Any CPU
		{550782A0-5604-449D-9A04-7956A4FFF787}.Release|Any CPU.ActiveCfg = Release|Any CPU
		{550782A0-5604-449D-9A04-7956A4FFF787}.Release|Any CPU.Build.0 = Release|Any CPU
	EndGlobalSection
	GlobalSection(SolutionProperties) = preSolution
		HideSolutionNode = FALSE
	EndGlobalSection
	GlobalSection(ExtensibilityGlobals) = postSolution
		SolutionGuid = {2032F6C0-743E-4F36-BD24-DBB6DAFC4292}
	EndGlobalSection
EndGlobal
