
Microsoft Visual Studio Solution File, Format Version 12.00
# Visual Studio Version 16
VisualStudioVersion = 16.0.29609.76
MinimumVisualStudioVersion = 10.0.40219.1
Project("{FAE04EC0-301F-11D3-BF4B-00C04F79EFBC}") = "Uygulama_1", "Uygulama_1\Uygulama_1.csproj", "{422FA5A3-03C8-44C2-AEB4-5FAEA44404EB}"
EndProject
Global
	GlobalSection(SolutionConfigurationPlatforms) = preSolution
		Debug|Any CPU = Debug|Any CPU
		Release|Any CPU = Release|Any CPU
	EndGlobalSection
	GlobalSection(ProjectConfigurationPlatforms) = postSolution
		{422FA5A3-03C8-44C2-AEB4-5FAEA44404EB}.Debug|Any CPU.ActiveCfg = Debug|Any CPU
		{422FA5A3-03C8-44C2-AEB4-5FAEA44404EB}.Debug|Any CPU.Build.0 = Debug|Any CPU
		{422FA5A3-03C8-44C2-AEB4-5FAEA44404EB}.Release|Any CPU.ActiveCfg = Release|Any CPU
		{422FA5A3-03C8-44C2-AEB4-5FAEA44404EB}.Release|Any CPU.Build.0 = Release|Any CPU
	EndGlobalSection
	GlobalSection(SolutionProperties) = preSolution
		HideSolutionNode = FALSE
	EndGlobalSection
	GlobalSection(ExtensibilityGlobals) = postSolution
		SolutionGuid = {7A88C366-7281-479B-9628-9C842E85313A}
	EndGlobalSection
EndGlobal
