
Microsoft Visual Studio Solution File, Format Version 12.00
# Visual Studio Version 16
VisualStudioVersion = 16.0.29609.76
MinimumVisualStudioVersion = 10.0.40219.1
Project("{FAE04EC0-301F-11D3-BF4B-00C04F79EFBC}") = "Uygulama_14", "Uygulama_14\Uygulama_14.csproj", "{F26A8086-5054-42A6-845A-70AA76E2013A}"
EndProject
Global
	GlobalSection(SolutionConfigurationPlatforms) = preSolution
		Debug|Any CPU = Debug|Any CPU
		Release|Any CPU = Release|Any CPU
	EndGlobalSection
	GlobalSection(ProjectConfigurationPlatforms) = postSolution
		{F26A8086-5054-42A6-845A-70AA76E2013A}.Debug|Any CPU.ActiveCfg = Debug|Any CPU
		{F26A8086-5054-42A6-845A-70AA76E2013A}.Debug|Any CPU.Build.0 = Debug|Any CPU
		{F26A8086-5054-42A6-845A-70AA76E2013A}.Release|Any CPU.ActiveCfg = Release|Any CPU
		{F26A8086-5054-42A6-845A-70AA76E2013A}.Release|Any CPU.Build.0 = Release|Any CPU
	EndGlobalSection
	GlobalSection(SolutionProperties) = preSolution
		HideSolutionNode = FALSE
	EndGlobalSection
	GlobalSection(ExtensibilityGlobals) = postSolution
		SolutionGuid = {97A2381C-932D-4C1C-8B32-ED81831A51F0}
	EndGlobalSection
EndGlobal
