
Microsoft Visual Studio Solution File, Format Version 12.00
# Visual Studio Version 16
VisualStudioVersion = 16.0.29609.76
MinimumVisualStudioVersion = 10.0.40219.1
Project("{FAE04EC0-301F-11D3-BF4B-00C04F79EFBC}") = "Uygulama_9", "Uygulama_9\Uygulama_9.csproj", "{DA37B2FD-286E-4FA3-90DB-E644BEFD64A1}"
EndProject
Global
	GlobalSection(SolutionConfigurationPlatforms) = preSolution
		Debug|Any CPU = Debug|Any CPU
		Release|Any CPU = Release|Any CPU
	EndGlobalSection
	GlobalSection(ProjectConfigurationPlatforms) = postSolution
		{DA37B2FD-286E-4FA3-90DB-E644BEFD64A1}.Debug|Any CPU.ActiveCfg = Debug|Any CPU
		{DA37B2FD-286E-4FA3-90DB-E644BEFD64A1}.Debug|Any CPU.Build.0 = Debug|Any CPU
		{DA37B2FD-286E-4FA3-90DB-E644BEFD64A1}.Release|Any CPU.ActiveCfg = Release|Any CPU
		{DA37B2FD-286E-4FA3-90DB-E644BEFD64A1}.Release|Any CPU.Build.0 = Release|Any CPU
	EndGlobalSection
	GlobalSection(SolutionProperties) = preSolution
		HideSolutionNode = FALSE
	EndGlobalSection
	GlobalSection(ExtensibilityGlobals) = postSolution
		SolutionGuid = {8EBAC968-786A-41EF-BEA6-4011F1739FA2}
	EndGlobalSection
EndGlobal
