
Microsoft Visual Studio Solution File, Format Version 12.00
# Visual Studio Version 16
VisualStudioVersion = 16.0.29609.76
MinimumVisualStudioVersion = 10.0.40219.1
Project("{FAE04EC0-301F-11D3-BF4B-00C04F79EFBC}") = "Uygulama_5", "Uygulama_5\Uygulama_5.csproj", "{419CF2CA-2332-49E0-A785-B80D8C69EF20}"
EndProject
Global
	GlobalSection(SolutionConfigurationPlatforms) = preSolution
		Debug|Any CPU = Debug|Any CPU
		Release|Any CPU = Release|Any CPU
	EndGlobalSection
	GlobalSection(ProjectConfigurationPlatforms) = postSolution
		{419CF2CA-2332-49E0-A785-B80D8C69EF20}.Debug|Any CPU.ActiveCfg = Debug|Any CPU
		{419CF2CA-2332-49E0-A785-B80D8C69EF20}.Debug|Any CPU.Build.0 = Debug|Any CPU
		{419CF2CA-2332-49E0-A785-B80D8C69EF20}.Release|Any CPU.ActiveCfg = Release|Any CPU
		{419CF2CA-2332-49E0-A785-B80D8C69EF20}.Release|Any CPU.Build.0 = Release|Any CPU
	EndGlobalSection
	GlobalSection(SolutionProperties) = preSolution
		HideSolutionNode = FALSE
	EndGlobalSection
	GlobalSection(ExtensibilityGlobals) = postSolution
		SolutionGuid = {1B419EFF-56F3-4B3B-A53B-97B269BEC63A}
	EndGlobalSection
EndGlobal
